
Microsoft Visual Studio Solution File, Format Version 12.00
# Visual Studio Version 17
VisualStudioVersion = 17.4.33122.133
MinimumVisualStudioVersion = 10.0.40219.1
Project("{2150E333-8FDC-42A3-9474-1A3956D46DE8}") = "Services", "Services", "{8BF30011-24C3-4F9C-9F0A-896784AC029C}"
EndProject
Project("{2150E333-8FDC-42A3-9474-1A3956D46DE8}") = "Catalog", "Catalog", "{F7318468-9A5B-40AC-8D22-7C026A058904}"
EndProject
Project("{9A19103F-16F7-4668-BE54-9A1E7A4F7556}") = "Catalog.API", "Services\Catalog\Catalog.API\Catalog.API.csproj", "{C1FDFAB7-3F09-475D-89D9-BA02D7F260CD}"
EndProject
Project("{E53339B2-1760-4266-BCC7-CA923CBCF16C}") = "docker-compose", "docker-compose.dcproj", "{3BA61369-38AC-4D1E-BD69-C55B4EFBDA32}"
EndProject
Project("{2150E333-8FDC-42A3-9474-1A3956D46DE8}") = "Basket", "Basket", "{86D68663-7D0B-4679-9716-C2D9632AC167}"
EndProject
Project("{9A19103F-16F7-4668-BE54-9A1E7A4F7556}") = "Basket.API", "Services\Basket\Basket.API\Basket.API.csproj", "{A0827DCB-8B8A-45DE-AAD1-1A7CAB3E7A23}"
EndProject
Project("{2150E333-8FDC-42A3-9474-1A3956D46DE8}") = "Discount", "Discount", "{BADE35FC-25F2-4152-8FCD-AE606EC02282}"
EndProject
Project("{9A19103F-16F7-4668-BE54-9A1E7A4F7556}") = "Discount.API", "Services\Discount\Discount.API\Discount.API.csproj", "{82E2E705-CD3B-4F6F-8FC8-0690B39AA3D8}"
EndProject
Project("{9A19103F-16F7-4668-BE54-9A1E7A4F7556}") = "Discount.Grpc", "Services\Discount\Discount.Grpc\Discount.Grpc.csproj", "{81BE0950-4A39-4BAD-ACBF-6C690B2E739B}"
EndProject
Project("{2150E333-8FDC-42A3-9474-1A3956D46DE8}") = "Ordering", "Ordering", "{115F2742-BB1C-4048-9161-61ED075C5928}"
EndProject
Project("{FAE04EC0-301F-11D3-BF4B-00C04F79EFBC}") = "Ordering.API", "Services\Ordering\Ordering.API\Ordering.API.csproj", "{42F5746C-E138-4A64-8492-A2F0B3016729}"
EndProject
Project("{FAE04EC0-301F-11D3-BF4B-00C04F79EFBC}") = "Ordering.Domain", "Services\Ordering\Ordering.Domain\Ordering.Domain.csproj", "{776FF788-4305-40E8-8B13-FAE75E3125B7}"
EndProject
Project("{FAE04EC0-301F-11D3-BF4B-00C04F79EFBC}") = "Ordering.Application", "Services\Ordering\Ordering.Application\Ordering.Application.csproj", "{5BE9D962-3F40-4E1E-ADA3-DFC2E8776759}"
EndProject
Project("{FAE04EC0-301F-11D3-BF4B-00C04F79EFBC}") = "Ordering.Infrastructure", "Services\Ordering\Ordering.Infrastructure\Ordering.Infrastructure.csproj", "{A23E0A50-48F5-4D76-B916-F5A49686443B}"
EndProject
Global
	GlobalSection(SolutionConfigurationPlatforms) = preSolution
		Debug|Any CPU = Debug|Any CPU
		Release|Any CPU = Release|Any CPU
	EndGlobalSection
	GlobalSection(ProjectConfigurationPlatforms) = postSolution
		{C1FDFAB7-3F09-475D-89D9-BA02D7F260CD}.Debug|Any CPU.ActiveCfg = Debug|Any CPU
		{C1FDFAB7-3F09-475D-89D9-BA02D7F260CD}.Debug|Any CPU.Build.0 = Debug|Any CPU
		{C1FDFAB7-3F09-475D-89D9-BA02D7F260CD}.Release|Any CPU.ActiveCfg = Release|Any CPU
		{C1FDFAB7-3F09-475D-89D9-BA02D7F260CD}.Release|Any CPU.Build.0 = Release|Any CPU
		{3BA61369-38AC-4D1E-BD69-C55B4EFBDA32}.Debug|Any CPU.ActiveCfg = Debug|Any CPU
		{3BA61369-38AC-4D1E-BD69-C55B4EFBDA32}.Debug|Any CPU.Build.0 = Debug|Any CPU
		{3BA61369-38AC-4D1E-BD69-C55B4EFBDA32}.Release|Any CPU.ActiveCfg = Release|Any CPU
		{3BA61369-38AC-4D1E-BD69-C55B4EFBDA32}.Release|Any CPU.Build.0 = Release|Any CPU
		{A0827DCB-8B8A-45DE-AAD1-1A7CAB3E7A23}.Debug|Any CPU.ActiveCfg = Debug|Any CPU
		{A0827DCB-8B8A-45DE-AAD1-1A7CAB3E7A23}.Debug|Any CPU.Build.0 = Debug|Any CPU
		{A0827DCB-8B8A-45DE-AAD1-1A7CAB3E7A23}.Release|Any CPU.ActiveCfg = Release|Any CPU
		{A0827DCB-8B8A-45DE-AAD1-1A7CAB3E7A23}.Release|Any CPU.Build.0 = Release|Any CPU
		{82E2E705-CD3B-4F6F-8FC8-0690B39AA3D8}.Debug|Any CPU.ActiveCfg = Debug|Any CPU
		{82E2E705-CD3B-4F6F-8FC8-0690B39AA3D8}.Debug|Any CPU.Build.0 = Debug|Any CPU
		{82E2E705-CD3B-4F6F-8FC8-0690B39AA3D8}.Release|Any CPU.ActiveCfg = Release|Any CPU
		{82E2E705-CD3B-4F6F-8FC8-0690B39AA3D8}.Release|Any CPU.Build.0 = Release|Any CPU
		{81BE0950-4A39-4BAD-ACBF-6C690B2E739B}.Debug|Any CPU.ActiveCfg = Debug|Any CPU
		{81BE0950-4A39-4BAD-ACBF-6C690B2E739B}.Debug|Any CPU.Build.0 = Debug|Any CPU
		{81BE0950-4A39-4BAD-ACBF-6C690B2E739B}.Release|Any CPU.ActiveCfg = Release|Any CPU
		{81BE0950-4A39-4BAD-ACBF-6C690B2E739B}.Release|Any CPU.Build.0 = Release|Any CPU
		{42F5746C-E138-4A64-8492-A2F0B3016729}.Debug|Any CPU.ActiveCfg = Debug|Any CPU
		{42F5746C-E138-4A64-8492-A2F0B3016729}.Debug|Any CPU.Build.0 = Debug|Any CPU
		{42F5746C-E138-4A64-8492-A2F0B3016729}.Release|Any CPU.ActiveCfg = Release|Any CPU
		{42F5746C-E138-4A64-8492-A2F0B3016729}.Release|Any CPU.Build.0 = Release|Any CPU
		{776FF788-4305-40E8-8B13-FAE75E3125B7}.Debug|Any CPU.ActiveCfg = Debug|Any CPU
		{776FF788-4305-40E8-8B13-FAE75E3125B7}.Debug|Any CPU.Build.0 = Debug|Any CPU
		{776FF788-4305-40E8-8B13-FAE75E3125B7}.Release|Any CPU.ActiveCfg = Release|Any CPU
		{776FF788-4305-40E8-8B13-FAE75E3125B7}.Release|Any CPU.Build.0 = Release|Any CPU
		{5BE9D962-3F40-4E1E-ADA3-DFC2E8776759}.Debug|Any CPU.ActiveCfg = Debug|Any CPU
		{5BE9D962-3F40-4E1E-ADA3-DFC2E8776759}.Debug|Any CPU.Build.0 = Debug|Any CPU
		{5BE9D962-3F40-4E1E-ADA3-DFC2E8776759}.Release|Any CPU.ActiveCfg = Release|Any CPU
		{5BE9D962-3F40-4E1E-ADA3-DFC2E8776759}.Release|Any CPU.Build.0 = Release|Any CPU
		{A23E0A50-48F5-4D76-B916-F5A49686443B}.Debug|Any CPU.ActiveCfg = Debug|Any CPU
		{A23E0A50-48F5-4D76-B916-F5A49686443B}.Debug|Any CPU.Build.0 = Debug|Any CPU
		{A23E0A50-48F5-4D76-B916-F5A49686443B}.Release|Any CPU.ActiveCfg = Release|Any CPU
		{A23E0A50-48F5-4D76-B916-F5A49686443B}.Release|Any CPU.Build.0 = Release|Any CPU
	EndGlobalSection
	GlobalSection(SolutionProperties) = preSolution
		HideSolutionNode = FALSE
	EndGlobalSection
	GlobalSection(NestedProjects) = preSolution
		{F7318468-9A5B-40AC-8D22-7C026A058904} = {8BF30011-24C3-4F9C-9F0A-896784AC029C}
		{C1FDFAB7-3F09-475D-89D9-BA02D7F260CD} = {F7318468-9A5B-40AC-8D22-7C026A058904}
		{86D68663-7D0B-4679-9716-C2D9632AC167} = {8BF30011-24C3-4F9C-9F0A-896784AC029C}
		{A0827DCB-8B8A-45DE-AAD1-1A7CAB3E7A23} = {86D68663-7D0B-4679-9716-C2D9632AC167}
		{BADE35FC-25F2-4152-8FCD-AE606EC02282} = {8BF30011-24C3-4F9C-9F0A-896784AC029C}
		{82E2E705-CD3B-4F6F-8FC8-0690B39AA3D8} = {BADE35FC-25F2-4152-8FCD-AE606EC02282}
		{81BE0950-4A39-4BAD-ACBF-6C690B2E739B} = {BADE35FC-25F2-4152-8FCD-AE606EC02282}
		{115F2742-BB1C-4048-9161-61ED075C5928} = {8BF30011-24C3-4F9C-9F0A-896784AC029C}
		{42F5746C-E138-4A64-8492-A2F0B3016729} = {115F2742-BB1C-4048-9161-61ED075C5928}
		{776FF788-4305-40E8-8B13-FAE75E3125B7} = {115F2742-BB1C-4048-9161-61ED075C5928}
		{5BE9D962-3F40-4E1E-ADA3-DFC2E8776759} = {115F2742-BB1C-4048-9161-61ED075C5928}
		{A23E0A50-48F5-4D76-B916-F5A49686443B} = {115F2742-BB1C-4048-9161-61ED075C5928}
	EndGlobalSection
	GlobalSection(ExtensibilityGlobals) = postSolution
		SolutionGuid = {1B21C6D7-59E3-49F8-BBE8-7FDA01D0E850}
	EndGlobalSection
EndGlobal
